
Microsoft Visual Studio Solution File, Format Version 12.00
# Visual Studio Version 16
VisualStudioVersion = 25.0.1706.9
MinimumVisualStudioVersion = 10.0.40219.1
Project("{FAE04EC0-301F-11D3-BF4B-00C04F79EFBC}") = "Program10", "Program10\Program10.csproj", "{583F2531-2389-47FD-B470-DB66F82AAB1F}"
EndProject
Global
	GlobalSection(SolutionConfigurationPlatforms) = preSolution
		Debug|Any CPU = Debug|Any CPU
		Release|Any CPU = Release|Any CPU
	EndGlobalSection
	GlobalSection(ProjectConfigurationPlatforms) = postSolution
		{583F2531-2389-47FD-B470-DB66F82AAB1F}.Debug|Any CPU.ActiveCfg = Debug|Any CPU
		{583F2531-2389-47FD-B470-DB66F82AAB1F}.Debug|Any CPU.Build.0 = Debug|Any CPU
		{583F2531-2389-47FD-B470-DB66F82AAB1F}.Release|Any CPU.ActiveCfg = Release|Any CPU
		{583F2531-2389-47FD-B470-DB66F82AAB1F}.Release|Any CPU.Build.0 = Release|Any CPU
	EndGlobalSection
	GlobalSection(SolutionProperties) = preSolution
		HideSolutionNode = FALSE
	EndGlobalSection
	GlobalSection(ExtensibilityGlobals) = postSolution
		SolutionGuid = {FE821E8B-6776-482D-8E77-38E787076DDA}
	EndGlobalSection
EndGlobal
